// !$*UTF8*$!
{
	archiveVersion = 1;
	classes = {
	};
	objectVersion = 46;
	objects = {

/* Begin PBXBuildFile section */
		9A4194D91A186FFC003011F1 /* BinaryHeap.swift in Sources */ = {isa = PBXBuildFile; fileRef = 9A4194D81A186FFC003011F1 /* BinaryHeap.swift */; };
		9A4430EF1A0F2308005EAC38 /* Stack.swift in Sources */ = {isa = PBXBuildFile; fileRef = 9A4430EE1A0F2308005EAC38 /* Stack.swift */; };
		9A4430F11A0F295B005EAC38 /* HashTable.swift in Sources */ = {isa = PBXBuildFile; fileRef = 9A4430F01A0F295B005EAC38 /* HashTable.swift */; };
		9AE446261A0D98C0002381D8 /* main.swift in Sources */ = {isa = PBXBuildFile; fileRef = 9AE446251A0D98C0002381D8 /* main.swift */; };
		9AE4462D1A0D995D002381D8 /* LinkedList.swift in Sources */ = {isa = PBXBuildFile; fileRef = 9AE4462C1A0D995D002381D8 /* LinkedList.swift */; };
		9AE4462F1A0DA5FC002381D8 /* Queue.swift in Sources */ = {isa = PBXBuildFile; fileRef = 9AE4462E1A0DA5FC002381D8 /* Queue.swift */; };
/* End PBXBuildFile section */

/* Begin PBXCopyFilesBuildPhase section */
		9AE446201A0D98C0002381D8 /* CopyFiles */ = {
			isa = PBXCopyFilesBuildPhase;
			buildActionMask = 2147483647;
			dstPath = /usr/share/man/man1/;
			dstSubfolderSpec = 0;
			files = (
			);
			runOnlyForDeploymentPostprocessing = 1;
		};
/* End PBXCopyFilesBuildPhase section */

/* Begin PBXFileReference section */
		9A4194D81A186FFC003011F1 /* BinaryHeap.swift */ = {isa = PBXFileReference; fileEncoding = 4; lastKnownFileType = sourcecode.swift; path = BinaryHeap.swift; sourceTree = "<group>"; };
		9A4430EE1A0F2308005EAC38 /* Stack.swift */ = {isa = PBXFileReference; fileEncoding = 4; lastKnownFileType = sourcecode.swift; path = Stack.swift; sourceTree = "<group>"; };
		9A4430F01A0F295B005EAC38 /* HashTable.swift */ = {isa = PBXFileReference; fileEncoding = 4; lastKnownFileType = sourcecode.swift; path = HashTable.swift; sourceTree = "<group>"; };
		9AE446221A0D98C0002381D8 /* DataStructures */ = {isa = PBXFileReference; explicitFileType = "compiled.mach-o.executable"; includeInIndex = 0; path = DataStructures; sourceTree = BUILT_PRODUCTS_DIR; };
		9AE446251A0D98C0002381D8 /* main.swift */ = {isa = PBXFileReference; lastKnownFileType = sourcecode.swift; path = main.swift; sourceTree = "<group>"; };
		9AE4462C1A0D995D002381D8 /* LinkedList.swift */ = {isa = PBXFileReference; fileEncoding = 4; lastKnownFileType = sourcecode.swift; path = LinkedList.swift; sourceTree = "<group>"; };
		9AE4462E1A0DA5FC002381D8 /* Queue.swift */ = {isa = PBXFileReference; fileEncoding = 4; lastKnownFileType = sourcecode.swift; path = Queue.swift; sourceTree = "<group>"; };
/* End PBXFileReference section */

/* Begin PBXFrameworksBuildPhase section */
		9AE4461F1A0D98C0002381D8 /* Frameworks */ = {
			isa = PBXFrameworksBuildPhase;
			buildActionMask = 2147483647;
			files = (
			);
			runOnlyForDeploymentPostprocessing = 0;
		};
/* End PBXFrameworksBuildPhase section */

/* Begin PBXGroup section */
		9AE446191A0D98C0002381D8 = {
			isa = PBXGroup;
			children = (
				9AE446241A0D98C0002381D8 /* DataStructures */,
				9AE446231A0D98C0002381D8 /* Products */,
			);
			sourceTree = "<group>";
		};
		9AE446231A0D98C0002381D8 /* Products */ = {
			isa = PBXGroup;
			children = (
				9AE446221A0D98C0002381D8 /* DataStructures */,
			);
			name = Products;
			sourceTree = "<group>";
		};
		9AE446241A0D98C0002381D8 /* DataStructures */ = {
			isa = PBXGroup;
			children = (
				9AE4462C1A0D995D002381D8 /* LinkedList.swift */,
				9AE4462E1A0DA5FC002381D8 /* Queue.swift */,
				9A4430EE1A0F2308005EAC38 /* Stack.swift */,
				9A4430F01A0F295B005EAC38 /* HashTable.swift */,
				9A4194D81A186FFC003011F1 /* BinaryHeap.swift */,
				9AE446251A0D98C0002381D8 /* main.swift */,
			);
			path = DataStructures;
			sourceTree = "<group>";
		};
/* End PBXGroup section */

/* Begin PBXNativeTarget section */
		9AE446211A0D98C0002381D8 /* DataStructures */ = {
			isa = PBXNativeTarget;
			buildConfigurationList = 9AE446291A0D98C0002381D8 /* Build configuration list for PBXNativeTarget "DataStructures" */;
			buildPhases = (
				9AE4461E1A0D98C0002381D8 /* Sources */,
				9AE4461F1A0D98C0002381D8 /* Frameworks */,
				9AE446201A0D98C0002381D8 /* CopyFiles */,
			);
			buildRules = (
			);
			dependencies = (
			);
			name = DataStructures;
			productName = DataStructures;
			productReference = 9AE446221A0D98C0002381D8 /* DataStructures */;
			productType = "com.apple.product-type.tool";
		};
/* End PBXNativeTarget section */

/* Begin PBXProject section */
		9AE4461A1A0D98C0002381D8 /* Project object */ = {
			isa = PBXProject;
			attributes = {
				LastUpgradeCheck = 0610;
				ORGANIZATIONNAME = "Alexey Gordiyenko";
				TargetAttributes = {
					9AE446211A0D98C0002381D8 = {
						CreatedOnToolsVersion = 6.1;
					};
				};
			};
			buildConfigurationList = 9AE4461D1A0D98C0002381D8 /* Build configuration list for PBXProject "DataStructures" */;
			compatibilityVersion = "Xcode 3.2";
			developmentRegion = English;
			hasScannedForEncodings = 0;
			knownRegions = (
				en,
			);
			mainGroup = 9AE446191A0D98C0002381D8;
			productRefGroup = 9AE446231A0D98C0002381D8 /* Products */;
			projectDirPath = "";
			projectRoot = "";
			targets = (
				9AE446211A0D98C0002381D8 /* DataStructures */,
			);
		};
/* End PBXProject section */

/* Begin PBXSourcesBuildPhase section */
		9AE4461E1A0D98C0002381D8 /* Sources */ = {
			isa = PBXSourcesBuildPhase;
			buildActionMask = 2147483647;
			files = (
				9A4194D91A186FFC003011F1 /* BinaryHeap.swift in Sources */,
				9A4430EF1A0F2308005EAC38 /* Stack.swift in Sources */,
				9AE4462D1A0D995D002381D8 /* LinkedList.swift in Sources */,
				9A4430F11A0F295B005EAC38 /* HashTable.swift in Sources */,
				9AE4462F1A0DA5FC002381D8 /* Queue.swift in Sources */,
				9AE446261A0D98C0002381D8 /* main.swift in Sources */,
			);
			runOnlyForDeploymentPostprocessing = 0;
		};
/* End PBXSourcesBuildPhase section */

/* Begin XCBuildConfiguration section */
		9AE446271A0D98C0002381D8 /* Debug */ = {
			isa = XCBuildConfiguration;
			buildSettings = {
				ALWAYS_SEARCH_USER_PATHS = NO;
				CLANG_CXX_LANGUAGE_STANDARD = "gnu++0x";
				CLANG_CXX_LIBRARY = "libc++";
				CLANG_ENABLE_MODULES = YES;
				CLANG_ENABLE_OBJC_ARC = YES;
				CLANG_WARN_BOOL_CONVERSION = YES;
				CLANG_WARN_CONSTANT_CONVERSION = YES;
				CLANG_WARN_DIRECT_OBJC_ISA_USAGE = YES_ERROR;
				CLANG_WARN_EMPTY_BODY = YES;
				CLANG_WARN_ENUM_CONVERSION = YES;
				CLANG_WARN_INT_CONVERSION = YES;
				CLANG_WARN_OBJC_ROOT_CLASS = YES_ERROR;
				CLANG_WARN_UNREACHABLE_CODE = YES;
				CLANG_WARN__DUPLICATE_METHOD_MATCH = YES;
				COPY_PHASE_STRIP = NO;
				ENABLE_STRICT_OBJC_MSGSEND = YES;
				GCC_C_LANGUAGE_STANDARD = gnu99;
				GCC_DYNAMIC_NO_PIC = NO;
				GCC_OPTIMIZATION_LEVEL = 0;
				GCC_PREPROCESSOR_DEFINITIONS = (
					"DEBUG=1",
					"$(inherited)",
				);
				GCC_SYMBOLS_PRIVATE_EXTERN = NO;
				GCC_WARN_64_TO_32_BIT_CONVERSION = YES;
				GCC_WARN_ABOUT_RETURN_TYPE = YES_ERROR;
				GCC_WARN_UNDECLARED_SELECTOR = YES;
				GCC_WARN_UNINITIALIZED_AUTOS = YES_AGGRESSIVE;
				GCC_WARN_UNUSED_FUNCTION = YES;
				GCC_WARN_UNUSED_VARIABLE = YES;
				MACOSX_DEPLOYMENT_TARGET = 10.10;
				MTL_ENABLE_DEBUG_INFO = YES;
				ONLY_ACTIVE_ARCH = YES;
				SDKROOT = macosx;
				SWIFT_OPTIMIZATION_LEVEL = "-Onone";
			};
			name = Debug;
		};
		9AE446281A0D98C0002381D8 /* Release */ = {
			isa = XCBuildConfiguration;
			buildSettings = {
				ALWAYS_SEARCH_USER_PATHS = NO;
				CLANG_CXX_LANGUAGE_STANDARD = "gnu++0x";
				CLANG_CXX_LIBRARY = "libc++";
				CLANG_ENABLE_MODULES = YES;
				CLANG_ENABLE_OBJC_ARC = YES;
				CLANG_WARN_BOOL_CONVERSION = YES;
				CLANG_WARN_CONSTANT_CONVERSION = YES;
				CLANG_WARN_DIRECT_OBJC_ISA_USAGE = YES_ERROR;
				CLANG_WARN_EMPTY_BODY = YES;
				CLANG_WARN_ENUM_CONVERSION = YES;
				CLANG_WARN_INT_CONVERSION = YES;
				CLANG_WARN_OBJC_ROOT_CLASS = YES_ERROR;
				CLANG_WARN_UNREACHABLE_CODE = YES;
				CLANG_WARN__DUPLICATE_METHOD_MATCH = YES;
				COPY_PHASE_STRIP = YES;
				DEBUG_INFORMATION_FORMAT = "dwarf-with-dsym";
				ENABLE_NS_ASSERTIONS = NO;
				ENABLE_STRICT_OBJC_MSGSEND = YES;
				GCC_C_LANGUAGE_STANDARD = gnu99;
				GCC_WARN_64_TO_32_BIT_CONVERSION = YES;
				GCC_WARN_ABOUT_RETURN_TYPE = YES_ERROR;
				GCC_WARN_UNDECLARED_SELECTOR = YES;
				GCC_WARN_UNINITIALIZED_AUTOS = YES_AGGRESSIVE;
				GCC_WARN_UNUSED_FUNCTION = YES;
				GCC_WARN_UNUSED_VARIABLE = YES;
				MACOSX_DEPLOYMENT_TARGET = 10.10;
				MTL_ENABLE_DEBUG_INFO = NO;
				SDKROOT = macosx;
			};
			name = Release;
		};
		9AE4462A1A0D98C0002381D8 /* Debug */ = {
			isa = XCBuildConfiguration;
			buildSettings = {
				PRODUCT_NAME = "$(TARGET_NAME)";
			};
			name = Debug;
		};
		9AE4462B1A0D98C0002381D8 /* Release */ = {
			isa = XCBuildConfiguration;
			buildSettings = {
				PRODUCT_NAME = "$(TARGET_NAME)";
			};
			name = Release;
		};
/* End XCBuildConfiguration section */

/* Begin XCConfigurationList section */
		9AE4461D1A0D98C0002381D8 /* Build configuration list for PBXProject "DataStructures" */ = {
			isa = XCConfigurationList;
			buildConfigurations = (
				9AE446271A0D98C0002381D8 /* Debug */,
				9AE446281A0D98C0002381D8 /* Release */,
			);
			defaultConfigurationIsVisible = 0;
			defaultConfigurationName = Release;
		};
		9AE446291A0D98C0002381D8 /* Build configuration list for PBXNativeTarget "DataStructures" */ = {
			isa = XCConfigurationList;
			buildConfigurations = (
				9AE4462A1A0D98C0002381D8 /* Debug */,
				9AE4462B1A0D98C0002381D8 /* Release */,
			);
			defaultConfigurationIsVisible = 0;
			defaultConfigurationName = Release;
		};
/* End XCConfigurationList section */
	};
	rootObject = 9AE4461A1A0D98C0002381D8 /* Project object */;
}
